<?xml version="1.0" encoding="utf-8"?>
<Project ToolsVersion="4.0" xmlns="http://schemas.microsoft.com/developer/msbuild/2003">
  <ItemGroup>
    <Filter Include="源文件">
      <UniqueIdentifier>{4FC737F1-C7A5-4376-A066-2A32D752A2FF}</UniqueIdentifier>
      <Extensions>cpp;c;cc;cxx;c++;cppm;ixx;def;odl;idl;hpj;bat;asm;asmx</Extensions>
    </Filter>
    <Filter Include="头文件">
      <UniqueIdentifier>{93995380-89BD-4b04-88EB-625FBE52EBFB}</UniqueIdentifier>
      <Extensions>h;hh;hpp;hxx;h++;hm;inl;inc;ipp;xsd</Extensions>
    </Filter>
    <Filter Include="资源文件">
      <UniqueIdentifier>{67DA6AB6-F800-4c08-8B7A-83BB121AAD01}</UniqueIdentifier>
      <Extensions>rc;ico;cur;bmp;dlg;rc2;rct;bin;rgs;gif;jpg;jpeg;jpe;resx;tiff;tif;png;wav;mfcribbon-ms</Extensions>
    </Filter>
  </ItemGroup>
  <ItemGroup>
    <ClCompile Include="main.cpp">
      <Filter>源文件</Filter>
    </ClCompile>
    <ClCompile Include="Resources\Buffers\Buffer.cpp">
      <Filter>源文件</Filter>
    </ClCompile>
    <ClCompile Include="Resources\Buffers\ByteAddressBuffer.cpp">
      <Filter>源文件</Filter>
    </ClCompile>
    <ClCompile Include="Resources\Buffers\ConstantBuffer.cpp">
      <Filter>源文件</Filter>
    </ClCompile>
    <ClCompile Include="Resources\Buffers\IndexBuffer.cpp">
      <Filter>源文件</Filter>
    </ClCompile>
    <ClCompile Include="Resources\Buffers\StructuredBuffer.cpp">
      <Filter>源文件</Filter>
    </ClCompile>
    <ClCompile Include="Resources\Buffers\VertexBuffer.cpp">
      <Filter>源文件</Filter>
    </ClCompile>
    <ClCompile Include="Resources\Mesh.cpp">
      <Filter>源文件</Filter>
    </ClCompile>
    <ClCompile Include="Resources\Resource.cpp">
      <Filter>源文件</Filter>
    </ClCompile>
    <ClCompile Include="Resources\ResourceStateTracker.cpp">
      <Filter>源文件</Filter>
    </ClCompile>
    <ClCompile Include="Resources\Texture.cpp">
      <Filter>源文件</Filter>
    </ClCompile>
    <ClCompile Include="App\Application.cpp">
      <Filter>源文件</Filter>
    </ClCompile>
    <ClCompile Include="App\CommandList.cpp">
      <Filter>源文件</Filter>
    </ClCompile>
    <ClCompile Include="App\CommandQueue.cpp">
      <Filter>源文件</Filter>
    </ClCompile>
    <ClCompile Include="App\Game.cpp">
      <Filter>源文件</Filter>
    </ClCompile>
    <ClCompile Include="App\HighResolutionClock.cpp">
      <Filter>源文件</Filter>
    </ClCompile>
    <ClCompile Include="App\RenderTarget.cpp">
      <Filter>源文件</Filter>
    </ClCompile>
    <ClCompile Include="App\RootSignature.cpp">
      <Filter>源文件</Filter>
    </ClCompile>
    <ClCompile Include="App\Window.cpp">
      <Filter>源文件</Filter>
    </ClCompile>
    <ClCompile Include="Descriptor\DescriptorAllocation.cpp">
      <Filter>源文件</Filter>
    </ClCompile>
    <ClCompile Include="Descriptor\DescriptorAllocator.cpp">
      <Filter>源文件</Filter>
    </ClCompile>
    <ClCompile Include="Descriptor\DescriptorAllocatorPage.cpp">
      <Filter>源文件</Filter>
    </ClCompile>
    <ClCompile Include="Descriptor\DynamicDescriptorHeap.cpp">
      <Filter>源文件</Filter>
    </ClCompile>
    <ClCompile Include="PSO\GenerateMipsPSO.cpp">
      <Filter>源文件</Filter>
    </ClCompile>
    <ClCompile Include="PSO\PanoToCubemapPSO.cpp">
      <Filter>源文件</Filter>
    </ClCompile>
    <ClCompile Include="Resources\UploadBuffer.cpp">
      <Filter>源文件</Filter>
    </ClCompile>
    <ClCompile Include="Scene\Camera.cpp">
      <Filter>源文件</Filter>
    </ClCompile>
    <ClCompile Include="Scene\Light.cpp">
      <Filter>源文件</Filter>
    </ClCompile>
    <ClCompile Include="Scene\Material.cpp">
      <Filter>源文件</Filter>
    </ClCompile>
    <ClCompile Include="Scene\PBRMaterial.cpp">
      <Filter>源文件</Filter>
    </ClCompile>
    <ClCompile Include="Demo3.cpp">
      <Filter>源文件</Filter>
    </ClCompile>
    <ClCompile Include="PSO\IrradianceConvolutionPSO.cpp">
      <Filter>源文件</Filter>
    </ClCompile>
  </ItemGroup>
  <ItemGroup>
    <ClInclude Include="..\inc\Application.h">
      <Filter>头文件</Filter>
    </ClInclude>
    <ClInclude Include="..\inc\CommandQueue.h">
      <Filter>头文件</Filter>
    </ClInclude>
    <ClInclude Include="..\inc\d3dx12.h">
      <Filter>头文件</Filter>
    </ClInclude>
    <ClInclude Include="..\inc\DX12LibPCH.h">
      <Filter>头文件</Filter>
    </ClInclude>
    <ClInclude Include="..\inc\Events.h">
      <Filter>头文件</Filter>
    </ClInclude>
    <ClInclude Include="..\inc\Game.h">
      <Filter>头文件</Filter>
    </ClInclude>
    <ClInclude Include="..\inc\Helpers.h">
      <Filter>头文件</Filter>
    </ClInclude>
    <ClInclude Include="..\inc\HighResolutionClock.h">
      <Filter>头文件</Filter>
    </ClInclude>
    <ClInclude Include="..\inc\KeyCodes.h">
      <Filter>头文件</Filter>
    </ClInclude>
    <ClInclude Include="..\inc\Window.h">
      <Filter>头文件</Filter>
    </ClInclude>
    <ClInclude Include="..\inc\Buffer.h">
      <Filter>头文件</Filter>
    </ClInclude>
    <ClInclude Include="..\inc\ByteAddressBuffer.h">
      <Filter>头文件</Filter>
    </ClInclude>
    <ClInclude Include="..\inc\CommandList.h">
      <Filter>头文件</Filter>
    </ClInclude>
    <ClInclude Include="..\inc\ConstantBuffer.h">
      <Filter>头文件</Filter>
    </ClInclude>
    <ClInclude Include="..\inc\Defines.h">
      <Filter>头文件</Filter>
    </ClInclude>
    <ClInclude Include="..\inc\DescriptorAllocation.h">
      <Filter>头文件</Filter>
    </ClInclude>
    <ClInclude Include="..\inc\DescriptorAllocator.h">
      <Filter>头文件</Filter>
    </ClInclude>
    <ClInclude Include="..\inc\DescriptorAllocatorPage.h">
      <Filter>头文件</Filter>
    </ClInclude>
    <ClInclude Include="..\inc\DynamicDescriptorHeap.h">
      <Filter>头文件</Filter>
    </ClInclude>
    <ClInclude Include="..\inc\GenerateMipsPSO.h">
      <Filter>头文件</Filter>
    </ClInclude>
    <ClInclude Include="..\inc\IndexBuffer.h">
      <Filter>头文件</Filter>
    </ClInclude>
    <ClInclude Include="..\inc\Mesh.h">
      <Filter>头文件</Filter>
    </ClInclude>
    <ClInclude Include="..\inc\RenderTarget.h">
      <Filter>头文件</Filter>
    </ClInclude>
    <ClInclude Include="..\inc\Resource.h">
      <Filter>头文件</Filter>
    </ClInclude>
    <ClInclude Include="..\inc\ResourceStateTracker.h">
      <Filter>头文件</Filter>
    </ClInclude>
    <ClInclude Include="..\inc\RootSignature.h">
      <Filter>头文件</Filter>
    </ClInclude>
    <ClInclude Include="..\inc\StructuredBuffer.h">
      <Filter>头文件</Filter>
    </ClInclude>
    <ClInclude Include="..\inc\Texture.h">
      <Filter>头文件</Filter>
    </ClInclude>
    <ClInclude Include="..\inc\TextureUsage.h">
      <Filter>头文件</Filter>
    </ClInclude>
    <ClInclude Include="..\inc\ThreadSafeQueue.h">
      <Filter>头文件</Filter>
    </ClInclude>
    <ClInclude Include="..\inc\UploadBuffer.h">
      <Filter>头文件</Filter>
    </ClInclude>
    <ClInclude Include="..\inc\VertexBuffer.h">
      <Filter>头文件</Filter>
    </ClInclude>
    <ClInclude Include="..\inc\Camera.h">
      <Filter>头文件</Filter>
    </ClInclude>
    <ClInclude Include="..\inc\GenerateMips_CS.h">
      <Filter>头文件</Filter>
    </ClInclude>
    <ClInclude Include="..\inc\Light.h">
      <Filter>头文件</Filter>
    </ClInclude>
    <ClInclude Include="..\inc\Material.h">
      <Filter>头文件</Filter>
    </ClInclude>
    <ClInclude Include="..\inc\PanoToCubemapPSO.h">
      <Filter>头文件</Filter>
    </ClInclude>
    <ClInclude Include="Demo3.h">
      <Filter>头文件</Filter>
    </ClInclude>
    <ClInclude Include="Scene\PBRMaterial.h">
      <Filter>头文件</Filter>
    </ClInclude>
    <ClInclude Include="..\inc\IrradianceConvolutionPSO.h">
      <Filter>头文件</Filter>
    </ClInclude>
  </ItemGroup>
  <ItemGroup>
    <FxCompile Include="..\shaders\GenerateMips_CS.hlsl" />
    <FxCompile Include="..\shaders\PanoToCubemap_CS.hlsl" />
    <FxCompile Include="..\shaders\HDR_PS.hlsl" />
    <FxCompile Include="..\shaders\HDR_VS.hlsl" />
    <FxCompile Include="..\shaders\HDRtoSDR_PS.hlsl" />
    <FxCompile Include="..\shaders\HDRtoSDR_VS.hlsl" />
    <FxCompile Include="..\shaders\Skybox_PS.hlsl" />
    <FxCompile Include="..\shaders\Skybox_VS.hlsl" />
    <FxCompile Include="..\shaders\IrrarianceConvolution_CS.hlsl" />
  </ItemGroup>
</Project>